
Microsoft Visual Studio Solution File, Format Version 12.00
# Visual Studio Version 17
VisualStudioVersion = 17.13.36105.23 d17.13
MinimumVisualStudioVersion = 10.0.40219.1
Project("{FAE04EC0-301F-11D3-BF4B-00C04F79EFBC}") = "cs0530", "cs0530\cs0530.csproj", "{17AB56A0-CCD8-418A-BA9E-2EFAFCDEF92C}"
EndProject
Global
	GlobalSection(SolutionConfigurationPlatforms) = preSolution
		Debug|Any CPU = Debug|Any CPU
		Release|Any CPU = Release|Any CPU
	EndGlobalSection
	GlobalSection(ProjectConfigurationPlatforms) = postSolution
		{17AB56A0-CCD8-418A-BA9E-2EFAFCDEF92C}.Debug|Any CPU.ActiveCfg = Debug|Any CPU
		{17AB56A0-CCD8-418A-BA9E-2EFAFCDEF92C}.Debug|Any CPU.Build.0 = Debug|Any CPU
		{17AB56A0-CCD8-418A-BA9E-2EFAFCDEF92C}.Release|Any CPU.ActiveCfg = Release|Any CPU
		{17AB56A0-CCD8-418A-BA9E-2EFAFCDEF92C}.Release|Any CPU.Build.0 = Release|Any CPU
	EndGlobalSection
	GlobalSection(SolutionProperties) = preSolution
		HideSolutionNode = FALSE
	EndGlobalSection
	GlobalSection(ExtensibilityGlobals) = postSolution
		SolutionGuid = {79D7E023-4955-4EBE-A9C3-AB63039DBF27}
	EndGlobalSection
EndGlobal
